
Microsoft Visual Studio Solution File, Format Version 12.00
# Visual Studio Version 16
VisualStudioVersion = 16.0.35229.62
MinimumVisualStudioVersion = 10.0.40219.1
Project("{FAE04EC0-301F-11D3-BF4B-00C04F79EFBC}") = "assignment1-1", "assignment1-1.csproj", "{FAA69134-F173-428E-9661-28781CFD06CD}"
EndProject
Global
	GlobalSection(SolutionConfigurationPlatforms) = preSolution
		Debug|Any CPU = Debug|Any CPU
		Release|Any CPU = Release|Any CPU
	EndGlobalSection
	GlobalSection(ProjectConfigurationPlatforms) = postSolution
		{FAA69134-F173-428E-9661-28781CFD06CD}.Debug|Any CPU.ActiveCfg = Debug|Any CPU
		{FAA69134-F173-428E-9661-28781CFD06CD}.Debug|Any CPU.Build.0 = Debug|Any CPU
		{FAA69134-F173-428E-9661-28781CFD06CD}.Release|Any CPU.ActiveCfg = Release|Any CPU
		{FAA69134-F173-428E-9661-28781CFD06CD}.Release|Any CPU.Build.0 = Release|Any CPU
	EndGlobalSection
	GlobalSection(SolutionProperties) = preSolution
		HideSolutionNode = FALSE
	EndGlobalSection
	GlobalSection(ExtensibilityGlobals) = postSolution
		SolutionGuid = {66C988C1-C7F2-43B9-8D67-4A08E1FD819B}
	EndGlobalSection
EndGlobal
